
Microsoft Visual Studio Solution File, Format Version 12.00
# Visual Studio Version 17
VisualStudioVersion = 17.9.34728.123
MinimumVisualStudioVersion = 10.0.40219.1
Project("{888888A0-9F3D-457C-B088-3A5042F75D52}") = "open_cv_video_access", "open_cv_video_access\open_cv_video_access.pyproj", "{657D85B3-F397-4E5B-A00B-8E76B2319528}"
EndProject
Global
	GlobalSection(SolutionConfigurationPlatforms) = preSolution
		Debug|Any CPU = Debug|Any CPU
		Release|Any CPU = Release|Any CPU
	EndGlobalSection
	GlobalSection(ProjectConfigurationPlatforms) = postSolution
		{657D85B3-F397-4E5B-A00B-8E76B2319528}.Debug|Any CPU.ActiveCfg = Debug|Any CPU
		{657D85B3-F397-4E5B-A00B-8E76B2319528}.Release|Any CPU.ActiveCfg = Release|Any CPU
	EndGlobalSection
	GlobalSection(SolutionProperties) = preSolution
		HideSolutionNode = FALSE
	EndGlobalSection
	GlobalSection(ExtensibilityGlobals) = postSolution
		SolutionGuid = {8226DB03-10A2-43DA-805B-3D8E9C595607}
	EndGlobalSection
EndGlobal
